// !$*UTF8*$!
{
	archiveVersion = 1;
	classes = {
	};
	objectVersion = 50;
	objects = {

/* Begin PBXBuildFile section */
		C32CE9C421AC817400BED3A2 /* AppDelegate.swift in Sources */ = {isa = PBXBuildFile; fileRef = C32CE9C321AC817400BED3A2 /* AppDelegate.swift */; };
		C32CE9CB21AC817500BED3A2 /* Assets.xcassets in Resources */ = {isa = PBXBuildFile; fileRef = C32CE9CA21AC817500BED3A2 /* Assets.xcassets */; };
		C32CE9D721AC819D00BED3A2 /* AppCoordinator.swift in Sources */ = {isa = PBXBuildFile; fileRef = C32CE9D621AC819D00BED3A2 /* AppCoordinator.swift */; };
		C32CE9D921AC850200BED3A2 /* TermsOfUseViewController.swift in Sources */ = {isa = PBXBuildFile; fileRef = C32CE9D821AC850200BED3A2 /* TermsOfUseViewController.swift */; };
		C32CE9DD21AC869100BED3A2 /* MainUnauthorizedViewController.swift in Sources */ = {isa = PBXBuildFile; fileRef = C32CE9DC21AC869100BED3A2 /* MainUnauthorizedViewController.swift */; };
		C32CE9DF21AC882E00BED3A2 /* MainUnauthorizedScreenCoordinator.swift in Sources */ = {isa = PBXBuildFile; fileRef = C32CE9DE21AC882E00BED3A2 /* MainUnauthorizedScreenCoordinator.swift */; };
		C32CE9E221AC895D00BED3A2 /* MainUnauthorizedCoordinator.swift in Sources */ = {isa = PBXBuildFile; fileRef = C32CE9E121AC895D00BED3A2 /* MainUnauthorizedCoordinator.swift */; };
/* End PBXBuildFile section */

/* Begin PBXFileReference section */
		C32CE9C021AC817400BED3A2 /* Coordinators.app */ = {isa = PBXFileReference; explicitFileType = wrapper.application; includeInIndex = 0; path = Coordinators.app; sourceTree = BUILT_PRODUCTS_DIR; };
		C32CE9C321AC817400BED3A2 /* AppDelegate.swift */ = {isa = PBXFileReference; lastKnownFileType = sourcecode.swift; path = AppDelegate.swift; sourceTree = "<group>"; };
		C32CE9CA21AC817500BED3A2 /* Assets.xcassets */ = {isa = PBXFileReference; lastKnownFileType = folder.assetcatalog; path = Assets.xcassets; sourceTree = "<group>"; };
		C32CE9CF21AC817500BED3A2 /* Info.plist */ = {isa = PBXFileReference; lastKnownFileType = text.plist.xml; path = Info.plist; sourceTree = "<group>"; };
		C32CE9D621AC819D00BED3A2 /* AppCoordinator.swift */ = {isa = PBXFileReference; lastKnownFileType = sourcecode.swift; path = AppCoordinator.swift; sourceTree = "<group>"; };
		C32CE9D821AC850200BED3A2 /* TermsOfUseViewController.swift */ = {isa = PBXFileReference; lastKnownFileType = sourcecode.swift; path = TermsOfUseViewController.swift; sourceTree = "<group>"; };
		C32CE9DC21AC869100BED3A2 /* MainUnauthorizedViewController.swift */ = {isa = PBXFileReference; lastKnownFileType = sourcecode.swift; path = MainUnauthorizedViewController.swift; sourceTree = "<group>"; };
		C32CE9DE21AC882E00BED3A2 /* MainUnauthorizedScreenCoordinator.swift */ = {isa = PBXFileReference; lastKnownFileType = sourcecode.swift; path = MainUnauthorizedScreenCoordinator.swift; sourceTree = "<group>"; };
		C32CE9E121AC895D00BED3A2 /* MainUnauthorizedCoordinator.swift */ = {isa = PBXFileReference; lastKnownFileType = sourcecode.swift; path = MainUnauthorizedCoordinator.swift; sourceTree = "<group>"; };
/* End PBXFileReference section */

/* Begin PBXFrameworksBuildPhase section */
		C32CE9BD21AC817400BED3A2 /* Frameworks */ = {
			isa = PBXFrameworksBuildPhase;
			buildActionMask = 2147483647;
			files = (
			);
			runOnlyForDeploymentPostprocessing = 0;
		};
/* End PBXFrameworksBuildPhase section */

/* Begin PBXGroup section */
		C32CE9B721AC817400BED3A2 = {
			isa = PBXGroup;
			children = (
				C32CE9C221AC817400BED3A2 /* Coordinators */,
				C32CE9C121AC817400BED3A2 /* Products */,
			);
			sourceTree = "<group>";
		};
		C32CE9C121AC817400BED3A2 /* Products */ = {
			isa = PBXGroup;
			children = (
				C32CE9C021AC817400BED3A2 /* Coordinators.app */,
			);
			name = Products;
			sourceTree = "<group>";
		};
		C32CE9C221AC817400BED3A2 /* Coordinators */ = {
			isa = PBXGroup;
			children = (
				C32CE9DA21AC867600BED3A2 /* Controllers */,
				C32CE9D521AC818E00BED3A2 /* Coordinators */,
				C32CE9C321AC817400BED3A2 /* AppDelegate.swift */,
				C32CE9CA21AC817500BED3A2 /* Assets.xcassets */,
				C32CE9CF21AC817500BED3A2 /* Info.plist */,
			);
			path = Coordinators;
			sourceTree = "<group>";
		};
		C32CE9D521AC818E00BED3A2 /* Coordinators */ = {
			isa = PBXGroup;
			children = (
				C32CE9D621AC819D00BED3A2 /* AppCoordinator.swift */,
				C32CE9E021AC893D00BED3A2 /* Unauthorized Zone */,
			);
			path = Coordinators;
			sourceTree = "<group>";
		};
		C32CE9DA21AC867600BED3A2 /* Controllers */ = {
			isa = PBXGroup;
			children = (
				C32CE9D821AC850200BED3A2 /* TermsOfUseViewController.swift */,
				C32CE9DC21AC869100BED3A2 /* MainUnauthorizedViewController.swift */,
			);
			path = Controllers;
			sourceTree = "<group>";
		};
		C32CE9E021AC893D00BED3A2 /* Unauthorized Zone */ = {
			isa = PBXGroup;
			children = (
				C32CE9E121AC895D00BED3A2 /* MainUnauthorizedCoordinator.swift */,
				C32CE9DE21AC882E00BED3A2 /* MainUnauthorizedScreenCoordinator.swift */,
			);
			path = "Unauthorized Zone";
			sourceTree = "<group>";
		};
/* End PBXGroup section */

/* Begin PBXNativeTarget section */
		C32CE9BF21AC817400BED3A2 /* Coordinators */ = {
			isa = PBXNativeTarget;
			buildConfigurationList = C32CE9D221AC817500BED3A2 /* Build configuration list for PBXNativeTarget "Coordinators" */;
			buildPhases = (
				C32CE9BC21AC817400BED3A2 /* Sources */,
				C32CE9BD21AC817400BED3A2 /* Frameworks */,
				C32CE9BE21AC817400BED3A2 /* Resources */,
			);
			buildRules = (
			);
			dependencies = (
			);
			name = Coordinators;
			productName = Coordinators;
			productReference = C32CE9C021AC817400BED3A2 /* Coordinators.app */;
			productType = "com.apple.product-type.application";
		};
/* End PBXNativeTarget section */

/* Begin PBXProject section */
		C32CE9B821AC817400BED3A2 /* Project object */ = {
			isa = PBXProject;
			attributes = {
				LastSwiftUpdateCheck = 1000;
				LastUpgradeCheck = 1000;
				ORGANIZATIONNAME = "Vasile Morari";
				TargetAttributes = {
					C32CE9BF21AC817400BED3A2 = {
						CreatedOnToolsVersion = 10.0;
					};
				};
			};
			buildConfigurationList = C32CE9BB21AC817400BED3A2 /* Build configuration list for PBXProject "Coordinators" */;
			compatibilityVersion = "Xcode 9.3";
			developmentRegion = en;
			hasScannedForEncodings = 0;
			knownRegions = (
				en,
				Base,
			);
			mainGroup = C32CE9B721AC817400BED3A2;
			productRefGroup = C32CE9C121AC817400BED3A2 /* Products */;
			projectDirPath = "";
			projectRoot = "";
			targets = (
				C32CE9BF21AC817400BED3A2 /* Coordinators */,
			);
		};
/* End PBXProject section */

/* Begin PBXResourcesBuildPhase section */
		C32CE9BE21AC817400BED3A2 /* Resources */ = {
			isa = PBXResourcesBuildPhase;
			buildActionMask = 2147483647;
			files = (
				C32CE9CB21AC817500BED3A2 /* Assets.xcassets in Resources */,
			);
			runOnlyForDeploymentPostprocessing = 0;
		};
/* End PBXResourcesBuildPhase section */

/* Begin PBXSourcesBuildPhase section */
		C32CE9BC21AC817400BED3A2 /* Sources */ = {
			isa = PBXSourcesBuildPhase;
			buildActionMask = 2147483647;
			files = (
				C32CE9D721AC819D00BED3A2 /* AppCoordinator.swift in Sources */,
				C32CE9D921AC850200BED3A2 /* TermsOfUseViewController.swift in Sources */,
				C32CE9E221AC895D00BED3A2 /* MainUnauthorizedCoordinator.swift in Sources */,
				C32CE9DF21AC882E00BED3A2 /* MainUnauthorizedScreenCoordinator.swift in Sources */,
				C32CE9DD21AC869100BED3A2 /* MainUnauthorizedViewController.swift in Sources */,
				C32CE9C421AC817400BED3A2 /* AppDelegate.swift in Sources */,
			);
			runOnlyForDeploymentPostprocessing = 0;
		};
/* End PBXSourcesBuildPhase section */

/* Begin XCBuildConfiguration section */
		C32CE9D021AC817500BED3A2 /* Debug */ = {
			isa = XCBuildConfiguration;
			buildSettings = {
				ALWAYS_SEARCH_USER_PATHS = NO;
				CLANG_ANALYZER_NONNULL = YES;
				CLANG_ANALYZER_NUMBER_OBJECT_CONVERSION = YES_AGGRESSIVE;
				CLANG_CXX_LANGUAGE_STANDARD = "gnu++14";
				CLANG_CXX_LIBRARY = "libc++";
				CLANG_ENABLE_MODULES = YES;
				CLANG_ENABLE_OBJC_ARC = YES;
				CLANG_ENABLE_OBJC_WEAK = YES;
				CLANG_WARN_BLOCK_CAPTURE_AUTORELEASING = YES;
				CLANG_WARN_BOOL_CONVERSION = YES;
				CLANG_WARN_COMMA = YES;
				CLANG_WARN_CONSTANT_CONVERSION = YES;
				CLANG_WARN_DEPRECATED_OBJC_IMPLEMENTATIONS = YES;
				CLANG_WARN_DIRECT_OBJC_ISA_USAGE = YES_ERROR;
				CLANG_WARN_DOCUMENTATION_COMMENTS = YES;
				CLANG_WARN_EMPTY_BODY = YES;
				CLANG_WARN_ENUM_CONVERSION = YES;
				CLANG_WARN_INFINITE_RECURSION = YES;
				CLANG_WARN_INT_CONVERSION = YES;
				CLANG_WARN_NON_LITERAL_NULL_CONVERSION = YES;
				CLANG_WARN_OBJC_IMPLICIT_RETAIN_SELF = YES;
				CLANG_WARN_OBJC_LITERAL_CONVERSION = YES;
				CLANG_WARN_OBJC_ROOT_CLASS = YES_ERROR;
				CLANG_WARN_RANGE_LOOP_ANALYSIS = YES;
				CLANG_WARN_STRICT_PROTOTYPES = YES;
				CLANG_WARN_SUSPICIOUS_MOVE = YES;
				CLANG_WARN_UNGUARDED_AVAILABILITY = YES_AGGRESSIVE;
				CLANG_WARN_UNREACHABLE_CODE = YES;
				CLANG_WARN__DUPLICATE_METHOD_MATCH = YES;
				CODE_SIGN_IDENTITY = "iPhone Developer";
				COPY_PHASE_STRIP = NO;
				DEBUG_INFORMATION_FORMAT = dwarf;
				ENABLE_STRICT_OBJC_MSGSEND = YES;
				ENABLE_TESTABILITY = YES;
				GCC_C_LANGUAGE_STANDARD = gnu11;
				GCC_DYNAMIC_NO_PIC = NO;
				GCC_NO_COMMON_BLOCKS = YES;
				GCC_OPTIMIZATION_LEVEL = 0;
				GCC_PREPROCESSOR_DEFINITIONS = (
					"DEBUG=1",
					"$(inherited)",
				);
				GCC_WARN_64_TO_32_BIT_CONVERSION = YES;
				GCC_WARN_ABOUT_RETURN_TYPE = YES_ERROR;
				GCC_WARN_UNDECLARED_SELECTOR = YES;
				GCC_WARN_UNINITIALIZED_AUTOS = YES_AGGRESSIVE;
				GCC_WARN_UNUSED_FUNCTION = YES;
				GCC_WARN_UNUSED_VARIABLE = YES;
				IPHONEOS_DEPLOYMENT_TARGET = 12.0;
				MTL_ENABLE_DEBUG_INFO = INCLUDE_SOURCE;
				MTL_FAST_MATH = YES;
				ONLY_ACTIVE_ARCH = YES;
				SDKROOT = iphoneos;
				SWIFT_ACTIVE_COMPILATION_CONDITIONS = DEBUG;
				SWIFT_OPTIMIZATION_LEVEL = "-Onone";
			};
			name = Debug;
		};
		C32CE9D121AC817500BED3A2 /* Release */ = {
			isa = XCBuildConfiguration;
			buildSettings = {
				ALWAYS_SEARCH_USER_PATHS = NO;
				CLANG_ANALYZER_NONNULL = YES;
				CLANG_ANALYZER_NUMBER_OBJECT_CONVERSION = YES_AGGRESSIVE;
				CLANG_CXX_LANGUAGE_STANDARD = "gnu++14";
				CLANG_CXX_LIBRARY = "libc++";
				CLANG_ENABLE_MODULES = YES;
				CLANG_ENABLE_OBJC_ARC = YES;
				CLANG_ENABLE_OBJC_WEAK = YES;
				CLANG_WARN_BLOCK_CAPTURE_AUTORELEASING = YES;
				CLANG_WARN_BOOL_CONVERSION = YES;
				CLANG_WARN_COMMA = YES;
				CLANG_WARN_CONSTANT_CONVERSION = YES;
				CLANG_WARN_DEPRECATED_OBJC_IMPLEMENTATIONS = YES;
				CLANG_WARN_DIRECT_OBJC_ISA_USAGE = YES_ERROR;
				CLANG_WARN_DOCUMENTATION_COMMENTS = YES;
				CLANG_WARN_EMPTY_BODY = YES;
				CLANG_WARN_ENUM_CONVERSION = YES;
				CLANG_WARN_INFINITE_RECURSION = YES;
				CLANG_WARN_INT_CONVERSION = YES;
				CLANG_WARN_NON_LITERAL_NULL_CONVERSION = YES;
				CLANG_WARN_OBJC_IMPLICIT_RETAIN_SELF = YES;
				CLANG_WARN_OBJC_LITERAL_CONVERSION = YES;
				CLANG_WARN_OBJC_ROOT_CLASS = YES_ERROR;
				CLANG_WARN_RANGE_LOOP_ANALYSIS = YES;
				CLANG_WARN_STRICT_PROTOTYPES = YES;
				CLANG_WARN_SUSPICIOUS_MOVE = YES;
				CLANG_WARN_UNGUARDED_AVAILABILITY = YES_AGGRESSIVE;
				CLANG_WARN_UNREACHABLE_CODE = YES;
				CLANG_WARN__DUPLICATE_METHOD_MATCH = YES;
				CODE_SIGN_IDENTITY = "iPhone Developer";
				COPY_PHASE_STRIP = NO;
				DEBUG_INFORMATION_FORMAT = "dwarf-with-dsym";
				ENABLE_NS_ASSERTIONS = NO;
				ENABLE_STRICT_OBJC_MSGSEND = YES;
				GCC_C_LANGUAGE_STANDARD = gnu11;
				GCC_NO_COMMON_BLOCKS = YES;
				GCC_WARN_64_TO_32_BIT_CONVERSION = YES;
				GCC_WARN_ABOUT_RETURN_TYPE = YES_ERROR;
				GCC_WARN_UNDECLARED_SELECTOR = YES;
				GCC_WARN_UNINITIALIZED_AUTOS = YES_AGGRESSIVE;
				GCC_WARN_UNUSED_FUNCTION = YES;
				GCC_WARN_UNUSED_VARIABLE = YES;
				IPHONEOS_DEPLOYMENT_TARGET = 12.0;
				MTL_ENABLE_DEBUG_INFO = NO;
				MTL_FAST_MATH = YES;
				SDKROOT = iphoneos;
				SWIFT_COMPILATION_MODE = wholemodule;
				SWIFT_OPTIMIZATION_LEVEL = "-O";
				VALIDATE_PRODUCT = YES;
			};
			name = Release;
		};
		C32CE9D321AC817500BED3A2 /* Debug */ = {
			isa = XCBuildConfiguration;
			buildSettings = {
				ASSETCATALOG_COMPILER_APPICON_NAME = AppIcon;
				CODE_SIGN_STYLE = Automatic;
				DEVELOPMENT_TEAM = ZTW9545CJH;
				INFOPLIST_FILE = Coordinators/Info.plist;
				LD_RUNPATH_SEARCH_PATHS = (
					"$(inherited)",
					"@executable_path/Frameworks",
				);
				PRODUCT_BUNDLE_IDENTIFIER = self.morarivasile.Coordinators;
				PRODUCT_NAME = "$(TARGET_NAME)";
				SWIFT_VERSION = 4.2;
				TARGETED_DEVICE_FAMILY = "1,2";
			};
			name = Debug;
		};
		C32CE9D421AC817500BED3A2 /* Release */ = {
			isa = XCBuildConfiguration;
			buildSettings = {
				ASSETCATALOG_COMPILER_APPICON_NAME = AppIcon;
				CODE_SIGN_STYLE = Automatic;
				DEVELOPMENT_TEAM = ZTW9545CJH;
				INFOPLIST_FILE = Coordinators/Info.plist;
				LD_RUNPATH_SEARCH_PATHS = (
					"$(inherited)",
					"@executable_path/Frameworks",
				);
				PRODUCT_BUNDLE_IDENTIFIER = self.morarivasile.Coordinators;
				PRODUCT_NAME = "$(TARGET_NAME)";
				SWIFT_VERSION = 4.2;
				TARGETED_DEVICE_FAMILY = "1,2";
			};
			name = Release;
		};
/* End XCBuildConfiguration section */

/* Begin XCConfigurationList section */
		C32CE9BB21AC817400BED3A2 /* Build configuration list for PBXProject "Coordinators" */ = {
			isa = XCConfigurationList;
			buildConfigurations = (
				C32CE9D021AC817500BED3A2 /* Debug */,
				C32CE9D121AC817500BED3A2 /* Release */,
			);
			defaultConfigurationIsVisible = 0;
			defaultConfigurationName = Release;
		};
		C32CE9D221AC817500BED3A2 /* Build configuration list for PBXNativeTarget "Coordinators" */ = {
			isa = XCConfigurationList;
			buildConfigurations = (
				C32CE9D321AC817500BED3A2 /* Debug */,
				C32CE9D421AC817500BED3A2 /* Release */,
			);
			defaultConfigurationIsVisible = 0;
			defaultConfigurationName = Release;
		};
/* End XCConfigurationList section */
	};
	rootObject = C32CE9B821AC817400BED3A2 /* Project object */;
}
